
Microsoft Visual Studio Solution File, Format Version 11.00
# Visual Studio 2010
Project("{FAE04EC0-301F-11D3-BF4B-00C04F79EFBC}") = "DataAdopterUsageALL", "DataAdopterUsageALL\DataAdopterUsageALL.csproj", "{2763D02A-A5B2-4D57-A7FA-65CB676BC08B}"
EndProject
Global
	GlobalSection(SolutionConfigurationPlatforms) = preSolution
		Debug|Any CPU = Debug|Any CPU
		Release|Any CPU = Release|Any CPU
	EndGlobalSection
	GlobalSection(ProjectConfigurationPlatforms) = postSolution
		{2763D02A-A5B2-4D57-A7FA-65CB676BC08B}.Debug|Any CPU.ActiveCfg = Debug|Any CPU
		{2763D02A-A5B2-4D57-A7FA-65CB676BC08B}.Debug|Any CPU.Build.0 = Debug|Any CPU
		{2763D02A-A5B2-4D57-A7FA-65CB676BC08B}.Release|Any CPU.ActiveCfg = Release|Any CPU
		{2763D02A-A5B2-4D57-A7FA-65CB676BC08B}.Release|Any CPU.Build.0 = Release|Any CPU
	EndGlobalSection
	GlobalSection(SolutionProperties) = preSolution
		HideSolutionNode = FALSE
	EndGlobalSection
EndGlobal
